{
  "name": "my-awesome-package",
  "version": "1.0.0",
  "lockfileVersion": 1,
  "requires": true,
  "dependencies": {
    "cesium": {
      "version": "1.82.1",
      "resolved": "https://registry.npmjs.org/cesium/-/cesium-1.82.1.tgz",
      "integrity": "sha512-BpyQ3KF6ZPPicW5L3khPJA0fKWL1ViA5cV1hFa/8zWiJ/1ix3+kyzrvaAlUdy/knn9xY70ePnNYwokIs+d2znw=="
    }
  }
}
